{
  "name": "dcjs-handler",
  "version": "1.0.3",
  "lockfileVersion": 2,
  "requires": true,
  "packages": {
    "": {
      "name": "dcjs-handler",
      "version": "1.0.3",
      "license": "MIT",
      "dependencies": {
        "dcjs-handler": "^1.0.3"
      }
    },
    "node_modules/dcjs-handler": {
      "version": "1.0.3",
      "resolved": "https://registry.npmjs.org/dcjs-handler/-/dcjs-handler-1.0.3.tgz",
      "integrity": "sha512-d8vdt/c7rC6189SLdkxq274oVbrLn4jXkmaFcWC+1FKkuVI+TC+QQYtaFls3GecVRYxki5zsZnHHG629CjYdXg=="
    }
  },
  "dependencies": {
    "dcjs-handler": {
      "version": "1.0.3",
      "resolved": "https://registry.npmjs.org/dcjs-handler/-/dcjs-handler-1.0.3.tgz",
      "integrity": "sha512-d8vdt/c7rC6189SLdkxq274oVbrLn4jXkmaFcWC+1FKkuVI+TC+QQYtaFls3GecVRYxki5zsZnHHG629CjYdXg=="
    }
  }
}
